
Microsoft Visual Studio Solution File, Format Version 12.00
# Visual Studio 15
VisualStudioVersion = 15.0.26124.0
MinimumVisualStudioVersion = 15.0.26124.0
Project("{2150E333-8FDC-42A3-9474-1A3956D46DE8}") = "src", "src", "{08851F4D-2991-4D97-BC97-810A642730C2}"
EndProject
Project("{FAE04EC0-301F-11D3-BF4B-00C04F79EFBC}") = "ExamplesWebApi", "src\Examples.WebApi\Examples.WebApi.csproj", "{C566F973-50C6-483E-B523-981E2B87B4DB}"
EndProject
Project("{FAE04EC0-301F-11D3-BF4B-00C04F79EFBC}") = "Examples.Infrastructure", "src\Examples.Infrastructure\Examples.Infrastructure.csproj", "{D8BE90EA-FD5C-4E44-88FF-DBF6D3E50E60}"
EndProject
Project("{FAE04EC0-301F-11D3-BF4B-00C04F79EFBC}") = "Examples.Domain", "src\Examples.Domain\Examples.Domain.csproj", "{1F8E60B8-1CE8-47B5-8AC7-64B2CB955CC3}"
EndProject
Global
	GlobalSection(SolutionConfigurationPlatforms) = preSolution
		Debug|Any CPU = Debug|Any CPU
		Debug|x64 = Debug|x64
		Debug|x86 = Debug|x86
		Release|Any CPU = Release|Any CPU
		Release|x64 = Release|x64
		Release|x86 = Release|x86
	EndGlobalSection
	GlobalSection(SolutionProperties) = preSolution
		HideSolutionNode = FALSE
	EndGlobalSection
	GlobalSection(ProjectConfigurationPlatforms) = postSolution
		{C566F973-50C6-483E-B523-981E2B87B4DB}.Debug|Any CPU.ActiveCfg = Debug|Any CPU
		{C566F973-50C6-483E-B523-981E2B87B4DB}.Debug|Any CPU.Build.0 = Debug|Any CPU
		{C566F973-50C6-483E-B523-981E2B87B4DB}.Debug|x64.ActiveCfg = Debug|Any CPU
		{C566F973-50C6-483E-B523-981E2B87B4DB}.Debug|x64.Build.0 = Debug|Any CPU
		{C566F973-50C6-483E-B523-981E2B87B4DB}.Debug|x86.ActiveCfg = Debug|Any CPU
		{C566F973-50C6-483E-B523-981E2B87B4DB}.Debug|x86.Build.0 = Debug|Any CPU
		{C566F973-50C6-483E-B523-981E2B87B4DB}.Release|Any CPU.ActiveCfg = Release|Any CPU
		{C566F973-50C6-483E-B523-981E2B87B4DB}.Release|Any CPU.Build.0 = Release|Any CPU
		{C566F973-50C6-483E-B523-981E2B87B4DB}.Release|x64.ActiveCfg = Release|Any CPU
		{C566F973-50C6-483E-B523-981E2B87B4DB}.Release|x64.Build.0 = Release|Any CPU
		{C566F973-50C6-483E-B523-981E2B87B4DB}.Release|x86.ActiveCfg = Release|Any CPU
		{C566F973-50C6-483E-B523-981E2B87B4DB}.Release|x86.Build.0 = Release|Any CPU
		{D8BE90EA-FD5C-4E44-88FF-DBF6D3E50E60}.Debug|Any CPU.ActiveCfg = Debug|Any CPU
		{D8BE90EA-FD5C-4E44-88FF-DBF6D3E50E60}.Debug|Any CPU.Build.0 = Debug|Any CPU
		{D8BE90EA-FD5C-4E44-88FF-DBF6D3E50E60}.Debug|x64.ActiveCfg = Debug|Any CPU
		{D8BE90EA-FD5C-4E44-88FF-DBF6D3E50E60}.Debug|x64.Build.0 = Debug|Any CPU
		{D8BE90EA-FD5C-4E44-88FF-DBF6D3E50E60}.Debug|x86.ActiveCfg = Debug|Any CPU
		{D8BE90EA-FD5C-4E44-88FF-DBF6D3E50E60}.Debug|x86.Build.0 = Debug|Any CPU
		{D8BE90EA-FD5C-4E44-88FF-DBF6D3E50E60}.Release|Any CPU.ActiveCfg = Release|Any CPU
		{D8BE90EA-FD5C-4E44-88FF-DBF6D3E50E60}.Release|Any CPU.Build.0 = Release|Any CPU
		{D8BE90EA-FD5C-4E44-88FF-DBF6D3E50E60}.Release|x64.ActiveCfg = Release|Any CPU
		{D8BE90EA-FD5C-4E44-88FF-DBF6D3E50E60}.Release|x64.Build.0 = Release|Any CPU
		{D8BE90EA-FD5C-4E44-88FF-DBF6D3E50E60}.Release|x86.ActiveCfg = Release|Any CPU
		{D8BE90EA-FD5C-4E44-88FF-DBF6D3E50E60}.Release|x86.Build.0 = Release|Any CPU
		{1F8E60B8-1CE8-47B5-8AC7-64B2CB955CC3}.Debug|Any CPU.ActiveCfg = Debug|Any CPU
		{1F8E60B8-1CE8-47B5-8AC7-64B2CB955CC3}.Debug|Any CPU.Build.0 = Debug|Any CPU
		{1F8E60B8-1CE8-47B5-8AC7-64B2CB955CC3}.Debug|x64.ActiveCfg = Debug|Any CPU
		{1F8E60B8-1CE8-47B5-8AC7-64B2CB955CC3}.Debug|x64.Build.0 = Debug|Any CPU
		{1F8E60B8-1CE8-47B5-8AC7-64B2CB955CC3}.Debug|x86.ActiveCfg = Debug|Any CPU
		{1F8E60B8-1CE8-47B5-8AC7-64B2CB955CC3}.Debug|x86.Build.0 = Debug|Any CPU
		{1F8E60B8-1CE8-47B5-8AC7-64B2CB955CC3}.Release|Any CPU.ActiveCfg = Release|Any CPU
		{1F8E60B8-1CE8-47B5-8AC7-64B2CB955CC3}.Release|Any CPU.Build.0 = Release|Any CPU
		{1F8E60B8-1CE8-47B5-8AC7-64B2CB955CC3}.Release|x64.ActiveCfg = Release|Any CPU
		{1F8E60B8-1CE8-47B5-8AC7-64B2CB955CC3}.Release|x64.Build.0 = Release|Any CPU
		{1F8E60B8-1CE8-47B5-8AC7-64B2CB955CC3}.Release|x86.ActiveCfg = Release|Any CPU
		{1F8E60B8-1CE8-47B5-8AC7-64B2CB955CC3}.Release|x86.Build.0 = Release|Any CPU
	EndGlobalSection
	GlobalSection(NestedProjects) = preSolution
		{C566F973-50C6-483E-B523-981E2B87B4DB} = {08851F4D-2991-4D97-BC97-810A642730C2}
		{D8BE90EA-FD5C-4E44-88FF-DBF6D3E50E60} = {08851F4D-2991-4D97-BC97-810A642730C2}
		{1F8E60B8-1CE8-47B5-8AC7-64B2CB955CC3} = {08851F4D-2991-4D97-BC97-810A642730C2}
	EndGlobalSection
EndGlobal
